PODS:
  - SLTextVPlaceholder (0.1.0)

DEPENDENCIES:
  - SLTextVPlaceholder (from `../`)

EXTERNAL SOURCES:
  SLTextVPlaceholder:
    :path: ../

SPEC CHECKSUMS:
  SLTextVPlaceholder: 1c2c7adb4c7cbfe6b70418172dafc1b6c4cba87e

PODFILE CHECKSUM: 2dafd317e1ef936d46eace1d3d71bf6dca7500d3

COCOAPODS: 1.2.1
